# This file is automatically generated by Poetry and should be committed to version control.
[[package]]
name = "asgiref"
version = "3.8.1"
description = "ASGI specs, helper code, and adapters"
optional = false
python-versions = ">=3.8"
files = [
    {file = "asgiref-3.8.1-py3-none-any.whl", hash = "sha256:3e104033ce5439a3f958f2762eb295b958f96e5792d6e3fcfeb8a923ec5c48b2"},
]

[[package]]
name = "django"
version = "5.0.6"
description = "A high-level Python web framework that encourages rapid development and clean, pragmatic design."
optional = false
python-versions = ">=3.10"
files = [
    {file = "Django-5.0.6-py3-none-any.whl", hash = "sha256:d6b9d62dbe76e03eaeb72186831d102047a256a2977464010174092b7c02b378"},
]

[[package]]
name = "pillow"
version = "10.3.0"
description = "Python Imaging Library (Fork)"
optional = false
python-versions = ">=3.8"
files = [
    {file = "pillow-10.3.0-cp311-cp311-win_amd64.whl", hash = "sha256:f520beecad6f4068c92a95cbeba0926839fe1dbe188df54881df3e0b8a4fcf85"},
]

[[package]]
name = "python-dateutil"
version = "2.9.0.post0"
description = "Extensions to the standard Python datetime module"
optional = false
python-versions = "!=3.0.*,!=3.1.*,!=3.2.*,>=2.7"
files = [
    {file = "python_dateutil-2.9.0.post0-py2.py3-none-any.whl", hash = "sha256:a8b2bc7bb7821306da237840103ce50e45a47195f647da6c07d883ec7c1b1b82"},
]

[[package]]
name = "whitenoise"
version = "6.6.0"
description = "Radically simplified static file serving for Python web apps"
optional = false
python-versions = ">=3.8"
files = [
    {file = "whitenoise-6.6.0-py3-none-any.whl", hash = "sha256:4f0bfbc0570b55146c24be8064a3ad9fb27581179ab87f94bf8fc247b9735d46"},
]

[[package]]
name = "python-dotenv"
version = "1.0.1"
description = "Read key-value pairs from a .env file and set them as environment variables"
optional = false
python-versions = ">=3.8"
files = [
    {file = "python_dotenv-1.0.1-py3-none-any.whl", hash = "sha256:f7b63ea5099ba62691d2112d1b74744a8790089f257a0910ee2a33eb22e06180"},
]

[[package]]
name = "pytest"
version = "8.2.2"
description = "pytest: simple powerful testing with Python"
optional = false
python-versions = ">=3.8"
files = [
    {file = "pytest-8.2.2-py3-none-any.whl", hash = "sha256:0d5b78cae08544e3ef4e5aa9a1cecb668102ff43cf71aef4255be52467d58ce9"},
]

[[package]]
name = "pytest-django"
version = "4.8.0"
description = "A Django plugin for pytest."
optional = false
python-versions = ">=3.8"
files = [
    {file = "pytest_django-4.8.0-py3-none-any.whl", hash = "sha256:39626e2577ceef7c433177bb2bb20d6f45a72d628f4bc4c803f27f8a705a6bb9"},
]

[metadata]
lock-version = "2.0"
python-versions = "^3.11"
content-hash = "c18d7bc89d8f6153723380b27b3b4f97184ef46ba2beec83c2710bbdddf2e7ad"
